
Microsoft Visual Studio Solution File, Format Version 12.00
# Visual Studio Version 16
VisualStudioVersion = 16.0.32630.194
MinimumVisualStudioVersion = 10.0.40219.1
Project("{8BC9CEB8-8B4A-11D0-8D11-00A0C91BC942}") = "pcl", "pcl\pcl.vcxproj", "{E140DF28-F52A-457E-A70C-543866731B3E}"
EndProject
Project("{54435603-DBB4-11D2-8724-00A0C9A8B90C}") = "IntrisicNeightbor", "IntrisicNeightbor\IntrisicNeightbor.vdproj", "{3E53E842-906C-4963-AC35-E7A20126A7E3}"
EndProject
Global
	GlobalSection(SolutionConfigurationPlatforms) = preSolution
		Debug|x64 = Debug|x64
		Debug|x86 = Debug|x86
		Release|x64 = Release|x64
		Release|x86 = Release|x86
	EndGlobalSection
	GlobalSection(ProjectConfigurationPlatforms) = postSolution
		{E140DF28-F52A-457E-A70C-543866731B3E}.Debug|x64.ActiveCfg = Debug|x64
		{E140DF28-F52A-457E-A70C-543866731B3E}.Debug|x64.Build.0 = Debug|x64
		{E140DF28-F52A-457E-A70C-543866731B3E}.Debug|x86.ActiveCfg = Debug|Win32
		{E140DF28-F52A-457E-A70C-543866731B3E}.Debug|x86.Build.0 = Debug|Win32
		{E140DF28-F52A-457E-A70C-543866731B3E}.Release|x64.ActiveCfg = Release|x64
		{E140DF28-F52A-457E-A70C-543866731B3E}.Release|x64.Build.0 = Release|x64
		{E140DF28-F52A-457E-A70C-543866731B3E}.Release|x86.ActiveCfg = Release|Win32
		{E140DF28-F52A-457E-A70C-543866731B3E}.Release|x86.Build.0 = Release|Win32
		{3E53E842-906C-4963-AC35-E7A20126A7E3}.Debug|x64.ActiveCfg = Debug
		{3E53E842-906C-4963-AC35-E7A20126A7E3}.Debug|x86.ActiveCfg = Debug
		{3E53E842-906C-4963-AC35-E7A20126A7E3}.Release|x64.ActiveCfg = Release
		{3E53E842-906C-4963-AC35-E7A20126A7E3}.Release|x86.ActiveCfg = Release
	EndGlobalSection
	GlobalSection(SolutionProperties) = preSolution
		HideSolutionNode = FALSE
	EndGlobalSection
	GlobalSection(ExtensibilityGlobals) = postSolution
		SolutionGuid = {E92F89FA-666C-4CA3-977C-A3678C519316}
	EndGlobalSection
EndGlobal
